{
  "name": "LLBK_Project",
  "requires": true,
  "lockfileVersion": 1,
  "dependencies": {
    "blueimp-gallery": {
      "version": "2.33.0",
      "resolved": "https://registry.npmjs.org/blueimp-gallery/-/blueimp-gallery-2.33.0.tgz",
      "integrity": "sha512-gz++nODmcJkENLXizdazy4z4EqoJCXyOisrH6M/fR3JE507yO+tPgoEsRCBggGwMAmQsu6kWACfldlq7RIa+Lg=="
    },
    "vue-gallery": {
      "version": "2.0.0",
      "resolved": "https://registry.npmjs.org/vue-gallery/-/vue-gallery-2.0.0.tgz",
      "integrity": "sha512-6BCItrHwH0v0p2T8Pf6iAUGOi7sZtDt/WLn+DiRznfMec/WPPjT/udBABChkyGGzdn/FBHoF768ITAjLDXfMLw==",
      "requires": {
        "blueimp-gallery": "^2.33.0"
      }
    },
    "vue-gallery-slideshow": {
      "version": "1.3.1",
      "resolved": "https://registry.npmjs.org/vue-gallery-slideshow/-/vue-gallery-slideshow-1.3.1.tgz",
      "integrity": "sha512-eA+/3406ilGZeBrEOq8JJKpeNnmC6dqR6+CQHtwYEeMfSdeDzFKgg/uF6lEb2EF4pmYJ/LUR3tREWtHUzPmMOw=="
    }
  }
}
